
Microsoft Visual Studio Solution File, Format Version 12.00
# Visual Studio Version 17
VisualStudioVersion = 17.14.36119.2 d17.14
MinimumVisualStudioVersion = 10.0.40219.1
Project("{FAE04EC0-301F-11D3-BF4B-00C04F79EFBC}") = "DanskMetal.Calculators.Api", "DanskMetal.Calculators.Api.csproj", "{B5052EFD-9FB3-46CB-9CDF-608B5B7DC8D0}"
EndProject
Global
	GlobalSection(SolutionConfigurationPlatforms) = preSolution
		Debug|Any CPU = Debug|Any CPU
		Release|Any CPU = Release|Any CPU
	EndGlobalSection
	GlobalSection(ProjectConfigurationPlatforms) = postSolution
		{B5052EFD-9FB3-46CB-9CDF-608B5B7DC8D0}.Debug|Any CPU.ActiveCfg = Debug|Any CPU
		{B5052EFD-9FB3-46CB-9CDF-608B5B7DC8D0}.Debug|Any CPU.Build.0 = Debug|Any CPU
		{B5052EFD-9FB3-46CB-9CDF-608B5B7DC8D0}.Release|Any CPU.ActiveCfg = Release|Any CPU
		{B5052EFD-9FB3-46CB-9CDF-608B5B7DC8D0}.Release|Any CPU.Build.0 = Release|Any CPU
	EndGlobalSection
	GlobalSection(SolutionProperties) = preSolution
		HideSolutionNode = FALSE
	EndGlobalSection
	GlobalSection(ExtensibilityGlobals) = postSolution
		SolutionGuid = {DF6D2D35-D559-4598-9249-C4B3757A9D1B}
	EndGlobalSection
EndGlobal
